{
  "lockfileVersion": 2,
  "configVersion": 1,
  "workspaces": {
    "": {
      "name": "hangar",
      "devDependencies": {
        "@playwright/test": "^1.49.1",
        "@xterm/addon-fit": "0.11.0",
        "@xterm/addon-webgl": "0.19.0",
        "@xterm/xterm": "6.0.0",
        "elkjs": "0.11.1",
        "vanjs-core": "1.6.0",
      },
    },
  },
  "packages": {
    "@playwright/test": ["@playwright/test@1.62.1", "", { "dependencies": { "playwright": "1.62.1" }, "bin": { "playwright": "cli.js" } }, "sha512-DTcUc8qii+cpHvtOwggMtBRMjKZHXYWdw8syRYu2vtzuq4Wxphqq4NfCs5Zt44L6mA8rfDfj+PHnxFc/FeK6mQ=="],

    "@xterm/addon-fit": ["@xterm/addon-fit@0.11.0", "", {}, "sha512-jYcgT6xtVYhnhgxh3QgYDnnNMYTcf8ElbxxFzX0IZo+vabQqSPAjC3c1wJrKB5E19VwQei89QCiZZP86DCPF7g=="],

    "@xterm/addon-webgl": ["@xterm/addon-webgl@0.19.0", "", {}, "sha512-b3fMOsyLVuCeNJWxolACEUED0vm7qC0cy4wRvf3oURSzDTYVQiGPhTnhWZwIHdvC48Y+oLhvYXnY4XDXPoJo6A=="],

    "@xterm/xterm": ["@xterm/xterm@6.0.0", "", {}, "sha512-TQwDdQGtwwDt+2cgKDLn0IRaSxYu1tSUjgKarSDkUM0ZNiSRXFpjxEsvc/Zgc5kq5omJ+V0a8/kIM2WD3sMOYg=="],

    "elkjs": ["elkjs@0.11.1", "", {}, "sha512-zxxR9k+rx5ktMwT/FwyLdPCrq7xN6e4VGGHH8hA01vVYKjTFik7nHOxBnAYtrgYUB1RpAiLvA1/U2YraWxyKKg=="],

    "fsevents": ["fsevents@2.3.2", "", { "os": "darwin" }, "sha512-xiqMQR4xAeHTuB9uWm+fFRcIOgKBMiOBP+eXiyT7jsgVCq1bkVygt00oASowB7EdtpOHaaPgKt812P9ab+DDKA=="],

    "playwright": ["playwright@1.62.1", "", { "dependencies": { "playwright-core": "1.62.1" }, "optionalDependencies": { "fsevents": "2.3.2" }, "bin": { "playwright": "cli.js" } }, "sha512-0M+L3LAD8/nm554LOla9Ayx0j0tmFZ0FBcoQ7F1VuVHpM/XpiC8RcDzBQB8W5+hA8L22THxELzeF+2WcUzvcLg=="],

    "playwright-core": ["playwright-core@1.62.1", "", { "bin": { "playwright-core": "cli.js" } }, "sha512-wPYSwEBJY9GHraISXqyqtx0na0LpO3XEX7jNDhntbex7tzUS7kLnZsOlFruFJB4Hi/rhDMjXGqHewDZ68nYZVw=="],

    "vanjs-core": ["vanjs-core@1.6.0", "", {}, "sha512-4KM9mKEji7woioytMNKQ2XrqD31ykG9vde3N1F/gyJJ0oaOSohdeaN2o4UC4Ndu3Raj1SEXWvW7k4etZI8Ovjw=="],
  }
}
